
Microsoft Visual Studio Solution File, Format Version 12.00
# Visual Studio Version 16
VisualStudioVersion = 16.0.30523.141
MinimumVisualStudioVersion = 10.0.40219.1
Project("{8BC9CEB8-8B4A-11D0-8D11-00A0C91BC942}") = "myFirstClass", "myFirstClass\myFirstClass.vcxproj", "{A706C5D6-8F02-4E49-82AC-9176708118B8}"
EndProject
Global
	GlobalSection(SolutionConfigurationPlatforms) = preSolution
		Debug|x64 = Debug|x64
		Debug|x86 = Debug|x86
		Release|x64 = Release|x64
		Release|x86 = Release|x86
	EndGlobalSection
	GlobalSection(ProjectConfigurationPlatforms) = postSolution
		{A706C5D6-8F02-4E49-82AC-9176708118B8}.Debug|x64.ActiveCfg = Debug|x64
		{A706C5D6-8F02-4E49-82AC-9176708118B8}.Debug|x64.Build.0 = Debug|x64
		{A706C5D6-8F02-4E49-82AC-9176708118B8}.Debug|x86.ActiveCfg = Debug|Win32
		{A706C5D6-8F02-4E49-82AC-9176708118B8}.Debug|x86.Build.0 = Debug|Win32
		{A706C5D6-8F02-4E49-82AC-9176708118B8}.Release|x64.ActiveCfg = Release|x64
		{A706C5D6-8F02-4E49-82AC-9176708118B8}.Release|x64.Build.0 = Release|x64
		{A706C5D6-8F02-4E49-82AC-9176708118B8}.Release|x86.ActiveCfg = Release|Win32
		{A706C5D6-8F02-4E49-82AC-9176708118B8}.Release|x86.Build.0 = Release|Win32
	EndGlobalSection
	GlobalSection(SolutionProperties) = preSolution
		HideSolutionNode = FALSE
	EndGlobalSection
	GlobalSection(ExtensibilityGlobals) = postSolution
		SolutionGuid = {A339FF09-98CC-47F6-901C-3FA399714E3B}
	EndGlobalSection
EndGlobal
